
Microsoft Visual Studio Solution File, Format Version 12.00
# Visual Studio Version 16
VisualStudioVersion = 16.0.29728.190
MinimumVisualStudioVersion = 10.0.40219.1
Project("{FAE04EC0-301F-11D3-BF4B-00C04F79EFBC}") = "EnrollmentFileOrganizer", "EnrollmentFileOrganizer\EnrollmentFileOrganizer.csproj", "{CA8A1265-AE82-4ACA-83CE-667AAAE6B8D1}"
EndProject
Project("{2150E333-8FDC-42A3-9474-1A3956D46DE8}") = "Solution Items", "Solution Items", "{886F042B-9BFF-45DD-B5FA-303FCA6580D2}"
	ProjectSection(SolutionItems) = preProject
		MasterEnrollmentFileSample.csv = MasterEnrollmentFileSample.csv
	EndProjectSection
EndProject
Global
	GlobalSection(SolutionConfigurationPlatforms) = preSolution
		Debug|Any CPU = Debug|Any CPU
		Release|Any CPU = Release|Any CPU
	EndGlobalSection
	GlobalSection(ProjectConfigurationPlatforms) = postSolution
		{CA8A1265-AE82-4ACA-83CE-667AAAE6B8D1}.Debug|Any CPU.ActiveCfg = Debug|Any CPU
		{CA8A1265-AE82-4ACA-83CE-667AAAE6B8D1}.Debug|Any CPU.Build.0 = Debug|Any CPU
		{CA8A1265-AE82-4ACA-83CE-667AAAE6B8D1}.Release|Any CPU.ActiveCfg = Release|Any CPU
		{CA8A1265-AE82-4ACA-83CE-667AAAE6B8D1}.Release|Any CPU.Build.0 = Release|Any CPU
	EndGlobalSection
	GlobalSection(SolutionProperties) = preSolution
		HideSolutionNode = FALSE
	EndGlobalSection
	GlobalSection(ExtensibilityGlobals) = postSolution
		SolutionGuid = {48A10A8C-9083-43EA-BEB6-67F257683A57}
	EndGlobalSection
EndGlobal
